
Microsoft Visual Studio Solution File, Format Version 12.00
# Visual Studio Version 16
VisualStudioVersion = 16.0.30114.105
MinimumVisualStudioVersion = 10.0.40219.1
Project("{FAE04EC0-301F-11D3-BF4B-00C04F79EFBC}") = "AdventOfCode21.Day1", "AdventOfCode21.Day1\AdventOfCode21.Day1.csproj", "{72242561-ADAC-4F19-B6BF-4BF119A3204E}"
EndProject
Project("{FAE04EC0-301F-11D3-BF4B-00C04F79EFBC}") = "AdventOfCode21.Day1.Test", "AdventOfCode21.Day1.Test\AdventOfCode21.Day1.Test.csproj", "{634E206D-6011-472E-8933-0EC334235D27}"
EndProject
Project("{FAE04EC0-301F-11D3-BF4B-00C04F79EFBC}") = "AdventOfCode21.Day2", "AdventOfCode21.Day2\AdventOfCode21.Day2.csproj", "{603DF7A5-3A4B-413B-9E1D-C60248E2A357}"
EndProject
Project("{FAE04EC0-301F-11D3-BF4B-00C04F79EFBC}") = "AdventOfCode21.Day2.Test", "AdventOfCode21.Day2.Test\AdventOfCode21.Day2.Test.csproj", "{2BCA327D-A0A4-4EAE-8CDB-E84CDED9BA27}"
EndProject
Project("{FAE04EC0-301F-11D3-BF4B-00C04F79EFBC}") = "AdventOfCode21.Day3", "AdventOfCode21.Day3\AdventOfCode21.Day3.csproj", "{E84A9420-5C53-43FE-AEB1-4605B351B1F0}"
EndProject
Project("{FAE04EC0-301F-11D3-BF4B-00C04F79EFBC}") = "AdventOfCode21.Day3.Test", "AdventOfCode21.Day3.Test\AdventOfCode21.Day3.Test.csproj", "{3212CEE1-34F8-4980-823A-C0FFCC88B14F}"
EndProject
Project("{FAE04EC0-301F-11D3-BF4B-00C04F79EFBC}") = "AdventOfCode21.Day4", "AdventOfCode21.Day4\AdventOfCode21.Day4.csproj", "{A8585476-12BD-47F1-9D7E-7AE482408AFA}"
EndProject
Project("{FAE04EC0-301F-11D3-BF4B-00C04F79EFBC}") = "AdventOfCode21.Day4.Test", "AdventOfCode21.Day4.Test\AdventOfCode21.Day4.Test.csproj", "{2AFF2992-1B27-4144-8CCA-9AE0B48921D6}"
EndProject
Project("{FAE04EC0-301F-11D3-BF4B-00C04F79EFBC}") = "AdventOfCode21.Day5", "AdventOfCode21.Day5\AdventOfCode21.Day5.csproj", "{A36BC4DC-3FB8-4847-9AAD-1CB996290AF1}"
EndProject
Project("{FAE04EC0-301F-11D3-BF4B-00C04F79EFBC}") = "AdventOfCode21.Day5.Test", "AdventOfCode21.Day5.Test\AdventOfCode21.Day5.Test.csproj", "{C0B88639-1E10-47EC-BE73-19A01449D018}"
EndProject
Project("{FAE04EC0-301F-11D3-BF4B-00C04F79EFBC}") = "AdventOfCode21.Day6", "AdventOfCode21.Day6\AdventOfCode21.Day6.csproj", "{74600187-1A70-4297-8CC6-703725696302}"
EndProject
Project("{FAE04EC0-301F-11D3-BF4B-00C04F79EFBC}") = "AdventOfCode21.Day6.Test", "AdventOfCode21.Day6.Test\AdventOfCode21.Day6.Test.csproj", "{E7117B77-AD7E-43D0-B8C4-DAC86601FA79}"
EndProject
Global
	GlobalSection(SolutionConfigurationPlatforms) = preSolution
		Debug|Any CPU = Debug|Any CPU
		Release|Any CPU = Release|Any CPU
	EndGlobalSection
	GlobalSection(SolutionProperties) = preSolution
		HideSolutionNode = FALSE
	EndGlobalSection
	GlobalSection(ProjectConfigurationPlatforms) = postSolution
		{72242561-ADAC-4F19-B6BF-4BF119A3204E}.Debug|Any CPU.ActiveCfg = Debug|Any CPU
		{72242561-ADAC-4F19-B6BF-4BF119A3204E}.Debug|Any CPU.Build.0 = Debug|Any CPU
		{72242561-ADAC-4F19-B6BF-4BF119A3204E}.Release|Any CPU.ActiveCfg = Release|Any CPU
		{72242561-ADAC-4F19-B6BF-4BF119A3204E}.Release|Any CPU.Build.0 = Release|Any CPU
		{634E206D-6011-472E-8933-0EC334235D27}.Debug|Any CPU.ActiveCfg = Debug|Any CPU
		{634E206D-6011-472E-8933-0EC334235D27}.Debug|Any CPU.Build.0 = Debug|Any CPU
		{634E206D-6011-472E-8933-0EC334235D27}.Release|Any CPU.ActiveCfg = Release|Any CPU
		{634E206D-6011-472E-8933-0EC334235D27}.Release|Any CPU.Build.0 = Release|Any CPU
		{603DF7A5-3A4B-413B-9E1D-C60248E2A357}.Debug|Any CPU.ActiveCfg = Debug|Any CPU
		{603DF7A5-3A4B-413B-9E1D-C60248E2A357}.Debug|Any CPU.Build.0 = Debug|Any CPU
		{603DF7A5-3A4B-413B-9E1D-C60248E2A357}.Release|Any CPU.ActiveCfg = Release|Any CPU
		{603DF7A5-3A4B-413B-9E1D-C60248E2A357}.Release|Any CPU.Build.0 = Release|Any CPU
		{2BCA327D-A0A4-4EAE-8CDB-E84CDED9BA27}.Debug|Any CPU.ActiveCfg = Debug|Any CPU
		{2BCA327D-A0A4-4EAE-8CDB-E84CDED9BA27}.Debug|Any CPU.Build.0 = Debug|Any CPU
		{2BCA327D-A0A4-4EAE-8CDB-E84CDED9BA27}.Release|Any CPU.ActiveCfg = Release|Any CPU
		{2BCA327D-A0A4-4EAE-8CDB-E84CDED9BA27}.Release|Any CPU.Build.0 = Release|Any CPU
		{E84A9420-5C53-43FE-AEB1-4605B351B1F0}.Debug|Any CPU.ActiveCfg = Debug|Any CPU
		{E84A9420-5C53-43FE-AEB1-4605B351B1F0}.Debug|Any CPU.Build.0 = Debug|Any CPU
		{E84A9420-5C53-43FE-AEB1-4605B351B1F0}.Release|Any CPU.ActiveCfg = Release|Any CPU
		{E84A9420-5C53-43FE-AEB1-4605B351B1F0}.Release|Any CPU.Build.0 = Release|Any CPU
		{3212CEE1-34F8-4980-823A-C0FFCC88B14F}.Debug|Any CPU.ActiveCfg = Debug|Any CPU
		{3212CEE1-34F8-4980-823A-C0FFCC88B14F}.Debug|Any CPU.Build.0 = Debug|Any CPU
		{3212CEE1-34F8-4980-823A-C0FFCC88B14F}.Release|Any CPU.ActiveCfg = Release|Any CPU
		{3212CEE1-34F8-4980-823A-C0FFCC88B14F}.Release|Any CPU.Build.0 = Release|Any CPU
		{A8585476-12BD-47F1-9D7E-7AE482408AFA}.Debug|Any CPU.ActiveCfg = Debug|Any CPU
		{A8585476-12BD-47F1-9D7E-7AE482408AFA}.Debug|Any CPU.Build.0 = Debug|Any CPU
		{A8585476-12BD-47F1-9D7E-7AE482408AFA}.Release|Any CPU.ActiveCfg = Release|Any CPU
		{A8585476-12BD-47F1-9D7E-7AE482408AFA}.Release|Any CPU.Build.0 = Release|Any CPU
		{2AFF2992-1B27-4144-8CCA-9AE0B48921D6}.Debug|Any CPU.ActiveCfg = Debug|Any CPU
		{2AFF2992-1B27-4144-8CCA-9AE0B48921D6}.Debug|Any CPU.Build.0 = Debug|Any CPU
		{2AFF2992-1B27-4144-8CCA-9AE0B48921D6}.Release|Any CPU.ActiveCfg = Release|Any CPU
		{2AFF2992-1B27-4144-8CCA-9AE0B48921D6}.Release|Any CPU.Build.0 = Release|Any CPU
		{A36BC4DC-3FB8-4847-9AAD-1CB996290AF1}.Debug|Any CPU.ActiveCfg = Debug|Any CPU
		{A36BC4DC-3FB8-4847-9AAD-1CB996290AF1}.Debug|Any CPU.Build.0 = Debug|Any CPU
		{A36BC4DC-3FB8-4847-9AAD-1CB996290AF1}.Release|Any CPU.ActiveCfg = Release|Any CPU
		{A36BC4DC-3FB8-4847-9AAD-1CB996290AF1}.Release|Any CPU.Build.0 = Release|Any CPU
		{C0B88639-1E10-47EC-BE73-19A01449D018}.Debug|Any CPU.ActiveCfg = Debug|Any CPU
		{C0B88639-1E10-47EC-BE73-19A01449D018}.Debug|Any CPU.Build.0 = Debug|Any CPU
		{C0B88639-1E10-47EC-BE73-19A01449D018}.Release|Any CPU.ActiveCfg = Release|Any CPU
		{C0B88639-1E10-47EC-BE73-19A01449D018}.Release|Any CPU.Build.0 = Release|Any CPU
		{74600187-1A70-4297-8CC6-703725696302}.Debug|Any CPU.ActiveCfg = Debug|Any CPU
		{74600187-1A70-4297-8CC6-703725696302}.Debug|Any CPU.Build.0 = Debug|Any CPU
		{74600187-1A70-4297-8CC6-703725696302}.Release|Any CPU.ActiveCfg = Release|Any CPU
		{74600187-1A70-4297-8CC6-703725696302}.Release|Any CPU.Build.0 = Release|Any CPU
		{E7117B77-AD7E-43D0-B8C4-DAC86601FA79}.Debug|Any CPU.ActiveCfg = Debug|Any CPU
		{E7117B77-AD7E-43D0-B8C4-DAC86601FA79}.Debug|Any CPU.Build.0 = Debug|Any CPU
		{E7117B77-AD7E-43D0-B8C4-DAC86601FA79}.Release|Any CPU.ActiveCfg = Release|Any CPU
		{E7117B77-AD7E-43D0-B8C4-DAC86601FA79}.Release|Any CPU.Build.0 = Release|Any CPU
	EndGlobalSection
EndGlobal
